
Microsoft Visual Studio Solution File, Format Version 12.00
# Visual Studio Version 17
VisualStudioVersion = 17.14.36408.4 d17.14
MinimumVisualStudioVersion = 10.0.40219.1
Project("{FAE04EC0-301F-11D3-BF4B-00C04F79EFBC}") = "DynamicProfile", "DynamicProfile.csproj", "{AC141A80-00DB-42E0-858B-A1C36EA899E4}"
EndProject
Global
	GlobalSection(SolutionConfigurationPlatforms) = preSolution
		Debug|Any CPU = Debug|Any CPU
		Release|Any CPU = Release|Any CPU
	EndGlobalSection
	GlobalSection(ProjectConfigurationPlatforms) = postSolution
		{AC141A80-00DB-42E0-858B-A1C36EA899E4}.Debug|Any CPU.ActiveCfg = Debug|Any CPU
		{AC141A80-00DB-42E0-858B-A1C36EA899E4}.Debug|Any CPU.Build.0 = Debug|Any CPU
		{AC141A80-00DB-42E0-858B-A1C36EA899E4}.Release|Any CPU.ActiveCfg = Release|Any CPU
		{AC141A80-00DB-42E0-858B-A1C36EA899E4}.Release|Any CPU.Build.0 = Release|Any CPU
	EndGlobalSection
	GlobalSection(SolutionProperties) = preSolution
		HideSolutionNode = FALSE
	EndGlobalSection
	GlobalSection(ExtensibilityGlobals) = postSolution
		SolutionGuid = {7FD06A56-3DB4-413E-AE91-CCEF77485851}
	EndGlobalSection
EndGlobal
